
Microsoft Visual Studio Solution File, Format Version 12.00
# Visual Studio Version 16
VisualStudioVersion = 16.0.29613.14
MinimumVisualStudioVersion = 10.0.40219.1
Project("{FAE04EC0-301F-11D3-BF4B-00C04F79EFBC}") = "LocalRank", "LocalRank.csproj", "{A27CE832-9835-494F-BCD9-1D8A4A0F90ED}"
EndProject
Global
	GlobalSection(SolutionConfigurationPlatforms) = preSolution
		Debug|Any CPU = Debug|Any CPU
		Release|Any CPU = Release|Any CPU
	EndGlobalSection
	GlobalSection(ProjectConfigurationPlatforms) = postSolution
		{A27CE832-9835-494F-BCD9-1D8A4A0F90ED}.Debug|Any CPU.ActiveCfg = Debug|Any CPU
		{A27CE832-9835-494F-BCD9-1D8A4A0F90ED}.Debug|Any CPU.Build.0 = Debug|Any CPU
		{A27CE832-9835-494F-BCD9-1D8A4A0F90ED}.Release|Any CPU.ActiveCfg = Release|Any CPU
		{A27CE832-9835-494F-BCD9-1D8A4A0F90ED}.Release|Any CPU.Build.0 = Release|Any CPU
	EndGlobalSection
	GlobalSection(SolutionProperties) = preSolution
		HideSolutionNode = FALSE
	EndGlobalSection
	GlobalSection(ExtensibilityGlobals) = postSolution
		SolutionGuid = {08B43F33-0381-4223-B7F6-A22F3B8CD226}
	EndGlobalSection
EndGlobal
